
Microsoft Visual Studio Solution File, Format Version 12.00
# Visual Studio Version 17
VisualStudioVersion = 17.10.35027.167
MinimumVisualStudioVersion = 10.0.40219.1
Project("{2150E333-8FDC-42A3-9474-1A3956D46DE8}") = "Application Business Rules", "Application Business Rules", "{0E941742-FC38-4F11-B61E-3C4C64E1FCF6}"
EndProject
Project("{2150E333-8FDC-42A3-9474-1A3956D46DE8}") = "Frameworks And Drivers", "Frameworks And Drivers", "{AA461A6F-9DB4-457F-B463-A0C666CD361E}"
EndProject
Project("{2150E333-8FDC-42A3-9474-1A3956D46DE8}") = "Interface Adapters", "Interface Adapters", "{70C79D5B-8A71-4930-BAAF-A2E432F9DB04}"
EndProject
Project("{2150E333-8FDC-42A3-9474-1A3956D46DE8}") = "Enterprise Business Rules", "Enterprise Business Rules", "{2092BAB6-69EA-46A8-BF6B-033BAA6A4389}"
EndProject
Project("{FAE04EC0-301F-11D3-BF4B-00C04F79EFBC}") = "NorthWind.Entities", "NorthWind.Entities\NorthWind.Entities.csproj", "{6AE2E732-7C88-4C69-93AE-139716EC23A8}"
EndProject
Global
	GlobalSection(SolutionConfigurationPlatforms) = preSolution
		Debug|Any CPU = Debug|Any CPU
		Release|Any CPU = Release|Any CPU
	EndGlobalSection
	GlobalSection(ProjectConfigurationPlatforms) = postSolution
		{6AE2E732-7C88-4C69-93AE-139716EC23A8}.Debug|Any CPU.ActiveCfg = Debug|Any CPU
		{6AE2E732-7C88-4C69-93AE-139716EC23A8}.Debug|Any CPU.Build.0 = Debug|Any CPU
		{6AE2E732-7C88-4C69-93AE-139716EC23A8}.Release|Any CPU.ActiveCfg = Release|Any CPU
		{6AE2E732-7C88-4C69-93AE-139716EC23A8}.Release|Any CPU.Build.0 = Release|Any CPU
	EndGlobalSection
	GlobalSection(SolutionProperties) = preSolution
		HideSolutionNode = FALSE
	EndGlobalSection
	GlobalSection(NestedProjects) = preSolution
		{6AE2E732-7C88-4C69-93AE-139716EC23A8} = {2092BAB6-69EA-46A8-BF6B-033BAA6A4389}
	EndGlobalSection
	GlobalSection(ExtensibilityGlobals) = postSolution
		SolutionGuid = {3EC6E184-0AF8-4A0B-A99A-F8D8323C5E6C}
	EndGlobalSection
EndGlobal
